{
  "version": 4,
  "terraform_version": "1.13.4",
  "serial": 30,
  "lineage": "d3646a3a-da14-7e80-351e-9fe18d4da548",
  "outputs": {
    "api_endpoint": {
      "value": "https://4exzqx8yxe.execute-api.us-east-1.amazonaws.com/dev",
      "type": "string"
    },
    "athena_database": {
      "value": "goblin_counter_dev",
      "type": "string"
    },
    "athena_results_bucket": {
      "value": "goblin-counter-dev-athena-533267325582",
      "type": "string"
    },
    "athena_workgroup": {
      "value": "goblin-counter-dev",
      "type": "string"
    },
    "cognito_identity_pool_id": {
      "value": "us-east-1:10621d5a-b1e8-41db-b229-a55c1e265a6c",
      "type": "string"
    },
    "cognito_user_pool_client_id": {
      "value": "28b9547jtk0889tmmo7ljfof4m",
      "type": "string"
    },
    "cognito_user_pool_id": {
      "value": "us-east-1_7IaNSzeOH",
      "type": "string"
    },
    "dynamodb_tables": {
      "value": {
        "ai_analysis": "goblin-counter-dev-ai-analysis",
        "locations": "goblin-counter-dev-locations",
        "sensor_readings": "goblin-counter-dev-sensor-readings"
      },
      "type": [
        "object",
        {
          "ai_analysis": "string",
          "locations": "string",
          "sensor_readings": "string"
        }
      ]
    },
    "iot_endpoint": {
      "value": "a1d624tutjccl0-ats.iot.us-east-1.amazonaws.com",
      "type": "string"
    },
    "s3_bucket_name": {
      "value": "goblin-counter-dev-533267325582",
      "type": "string"
    }
  },
  "resources": [
    {
      "mode": "data",
      "type": "archive_file",
      "name": "lambda_placeholder",
      "provider": "provider[\"registry.terraform.io/hashicorp/archive\"]",
      "instances": [
        {
          "schema_version": 0,
          "attributes": {
            "exclude_symlink_directories": null,
            "excludes": null,
            "id": "639bfe48c5bdee0cbe778111222bd8df5ac4cd27",
            "output_base64sha256": "aD+7Lo2NuJSh7esx2TLUobnl2Fo5uucFODJnfcPioRk=",
            "output_base64sha512": "qhOulMSXZ8Tn/n0ZmS7D3VogzcF1qlWMbJFAjNAW0iAzPsQRoYMZkULjMAxWMO/2kVO8BAFgiJ9/gvBsgd63Eg==",
            "output_file_mode": null,
            "output_md5": "54add27ce0b0ebbb340ed358d2c72aee",
            "output_path": "/tmp/lambda_placeholder.zip",
            "output_sha": "639bfe48c5bdee0cbe778111222bd8df5ac4cd27",
            "output_sha256": "683fbb2e8d8db894a1edeb31d932d4a1b9e5d85a39bae7053832677dc3e2a119",
            "output_sha512": "aa13ae94c49767c4e7fe7d19992ec3dd5a20cdc175aa558c6c91408cd016d220333ec411a183199142e3300c5630eff69153bc040160889f7f82f06c81deb712",
            "output_size": 191,
            "source": [
              {
                "content": "def handler(event, context): return {'statusCode': 200}",
                "filename": "index.py"
              }
            ],
            "source_content": null,
            "source_content_filename": null,
            "source_dir": null,
            "source_file": null,
            "type": "zip"
          },
          "sensitive_attributes": [],
          "identity_schema_version": 0
        }
      ]
    },
    {
      "mode": "data",
      "type": "aws_caller_identity",
      "name": "current",
      "provider": "provider[\"registry.terraform.io/hashicorp/aws\"]",
      "instances": [
        {
          "schema_version": 0,
          "attributes": {
            "account_id": "533267325582",
            "arn": "arn:aws:sts::533267325582:assumed-role/WSParticipantRole/Participant",
            "id": "533267325582",
            "user_id": "AROAXYKJVUKHAJMPV74BJ:Participant"
          },
          "sensitive_attributes": [],
          "identity_schema_version": 0
        }
      ]
    },
    {
      "mode": "data",
      "type": "aws_iot_endpoint",
      "name": "current",
      "provider": "provider[\"registry.terraform.io/hashicorp/aws\"]",
      "instances": [
        {
          "schema_version": 0,
          "attributes": {
            "endpoint_address": "a1d624tutjccl0-ats.iot.us-east-1.amazonaws.com",
            "endpoint_type": "iot:Data-ATS",
            "id": "a1d624tutjccl0-ats.iot.us-east-1.amazonaws.com"
          },
          "sensitive_attributes": [],
          "identity_schema_version": 0
        }
      ]
    },
    {
      "mode": "managed",
      "type": "aws_apigatewayv2_api",
      "name": "main",
      "provider": "provider[\"registry.terraform.io/hashicorp/aws\"]",
      "instances": [
        {
          "schema_version": 0,
          "attributes": {
            "api_endpoint": "https://4exzqx8yxe.execute-api.us-east-1.amazonaws.com",
            "api_key_selection_expression": "$request.header.x-api-key",
            "arn": "arn:aws:apigateway:us-east-1::/apis/4exzqx8yxe",
            "body": null,
            "cors_configuration": [
              {
                "allow_credentials": false,
                "allow_headers": [
                  "*"
                ],
                "allow_methods": [
                  "DELETE",
                  "GET",
                  "OPTIONS",
                  "POST",
                  "PUT"
                ],
                "allow_origins": [
                  "*"
                ],
                "expose_headers": null,
                "max_age": 300
              }
            ],
            "credentials_arn": null,
            "description": "",
            "disable_execute_api_endpoint": false,
            "execution_arn": "arn:aws:execute-api:us-east-1:533267325582:4exzqx8yxe",
            "fail_on_warnings": null,
            "id": "4exzqx8yxe",
            "ip_address_type": "ipv4",
            "name": "goblin-counter-dev-api",
            "protocol_type": "HTTP",
            "route_key": null,
            "route_selection_expression": "$request.method $request.path",
            "tags": {
              "Environment": "dev",
              "ManagedBy": "terraform",
              "Project": "goblin-counter"
            },
            "tags_all": {
              "Environment": "dev",
              "ManagedBy": "terraform",
              "Project": "goblin-counter"
            },
            "target": null,
            "version": ""
          },
          "sensitive_attributes": [],
          "identity_schema_version": 0,
          "private": "bnVsbA=="
        }
      ]
    },
    {
      "mode": "managed",
      "type": "aws_apigatewayv2_authorizer",
      "name": "cognito",
      "provider": "provider[\"registry.terraform.io/hashicorp/aws\"]",
      "instances": [
        {
          "schema_version": 0,
          "attributes": {
            "api_id": "4exzqx8yxe",
            "authorizer_credentials_arn": "",
            "authorizer_payload_format_version": "",
            "authorizer_result_ttl_in_seconds": 0,
            "authorizer_type": "JWT",
            "authorizer_uri": "",
            "enable_simple_responses": false,
            "id": "5nxt90",
            "identity_sources": [
              "$request.header.Authorization"
            ],
            "jwt_configuration": [
              {
                "audience": [
                  "28b9547jtk0889tmmo7ljfof4m"
                ],
                "issuer": "https://cognito-idp.us-east-1.amazonaws.com/us-east-1_7IaNSzeOH"
              }
            ],
            "name": "cognito-authorizer",
            "timeouts": null
          },
          "sensitive_attributes": [],
          "identity_schema_version": 0,
          "private": "eyJlMmJmYjczMC1lY2FhLTExZTYtOGY4OC0zNDM2M2JjN2M0YzAiOnsiZGVsZXRlIjoxODAwMDAwMDAwMDAwfX0=",
          "dependencies": [
            "aws_apigatewayv2_api.main",
            "aws_cognito_user_pool.main",
            "aws_cognito_user_pool_client.web"
          ]
        }
      ]
    },
    {
      "mode": "managed",
      "type": "aws_apigatewayv2_stage",
      "name": "main",
      "provider": "provider[\"registry.terraform.io/hashicorp/aws\"]",
      "instances": [
        {
          "schema_version": 0,
          "attributes": {
            "access_log_settings": [],
            "api_id": "4exzqx8yxe",
            "arn": "arn:aws:apigateway:us-east-1::/apis/4exzqx8yxe/stages/dev",
            "auto_deploy": true,
            "client_certificate_id": "",
            "default_route_settings": [
              {
                "data_trace_enabled": false,
                "detailed_metrics_enabled": false,
                "logging_level": "",
                "throttling_burst_limit": 0,
                "throttling_rate_limit": 0
              }
            ],
            "deployment_id": "",
            "description": "",
            "execution_arn": "arn:aws:execute-api:us-east-1:533267325582:4exzqx8yxe/dev",
            "id": "dev",
            "invoke_url": "https://4exzqx8yxe.execute-api.us-east-1.amazonaws.com/dev",
            "name": "dev",
            "route_settings": [],
            "stage_variables": null,
            "tags": {
              "Environment": "dev",
              "ManagedBy": "terraform",
              "Project": "goblin-counter"
            },
            "tags_all": {
              "Environment": "dev",
              "ManagedBy": "terraform",
              "Project": "goblin-counter"
            }
          },
          "sensitive_attributes": [],
          "identity_schema_version": 0,
          "private": "bnVsbA==",
          "dependencies": [
            "aws_apigatewayv2_api.main"
          ]
        }
      ]
    },
    {
      "mode": "managed",
      "type": "aws_cloudwatch_event_rule",
      "name": "bedrock_schedule",
      "provider": "provider[\"registry.terraform.io/hashicorp/aws\"]",
      "instances": [
        {
          "schema_version": 1,
          "attributes": {
            "arn": "arn:aws:events:us-east-1:533267325582:rule/goblin-counter-dev-bedrock-schedule",
            "description": "",
            "event_bus_name": "default",
            "event_pattern": null,
            "force_destroy": false,
            "id": "goblin-counter-dev-bedrock-schedule",
            "is_enabled": true,
            "name": "goblin-counter-dev-bedrock-schedule",
            "name_prefix": "",
            "role_arn": "",
            "schedule_expression": "rate(5 minutes)",
            "state": "ENABLED",
            "tags": {
              "Environment": "dev",
              "ManagedBy": "terraform",
              "Project": "goblin-counter"
            },
            "tags_all": {
              "Environment": "dev",
              "ManagedBy": "terraform",
              "Project": "goblin-counter"
            }
          },
          "sensitive_attributes": [],
          "identity_schema_version": 0,
          "private": "eyJzY2hlbWFfdmVyc2lvbiI6IjEifQ=="
        }
      ]
    },
    {
      "mode": "managed",
      "type": "aws_cognito_identity_pool",
      "name": "main",
      "provider": "provider[\"registry.terraform.io/hashicorp/aws\"]",
      "instances": [
        {
          "schema_version": 0,
          "attributes": {
            "allow_classic_flow": false,
            "allow_unauthenticated_identities": false,
            "arn": "arn:aws:cognito-identity:us-east-1:533267325582:identitypool/us-east-1:10621d5a-b1e8-41db-b229-a55c1e265a6c",
            "cognito_identity_providers": [
              {
                "client_id": "28b9547jtk0889tmmo7ljfof4m",
                "provider_name": "cognito-idp.us-east-1.amazonaws.com/us-east-1_7IaNSzeOH",
                "server_side_token_check": false
              }
            ],
            "developer_provider_name": "",
            "id": "us-east-1:10621d5a-b1e8-41db-b229-a55c1e265a6c",
            "identity_pool_name": "goblin-counter_dev_identity",
            "openid_connect_provider_arns": null,
            "saml_provider_arns": null,
            "supported_login_providers": null,
            "tags": null,
            "tags_all": {}
          },
          "sensitive_attributes": [],
          "identity_schema_version": 0,
          "private": "bnVsbA==",
          "dependencies": [
            "aws_cognito_user_pool.main",
            "aws_cognito_user_pool_client.web"
          ]
        }
      ]
    },
    {
      "mode": "managed",
      "type": "aws_cognito_user_group",
      "name": "admin",
      "provider": "provider[\"registry.terraform.io/hashicorp/aws\"]",
      "instances": [
        {
          "schema_version": 0,
          "attributes": {
            "description": "Admin users with full access",
            "id": "us-east-1_7IaNSzeOH/admin",
            "name": "admin",
            "precedence": 0,
            "role_arn": "",
            "user_pool_id": "us-east-1_7IaNSzeOH"
          },
          "sensitive_attributes": [],
          "identity_schema_version": 0,
          "private": "bnVsbA==",
          "dependencies": [
            "aws_cognito_user_pool.main"
          ]
        }
      ]
    },
    {
      "mode": "managed",
      "type": "aws_cognito_user_group",
      "name": "viewer",
      "provider": "provider[\"registry.terraform.io/hashicorp/aws\"]",
      "instances": [
        {
          "schema_version": 0,
          "attributes": {
            "description": "Read-only viewers",
            "id": "us-east-1_7IaNSzeOH/viewer",
            "name": "viewer",
            "precedence": 0,
            "role_arn": "",
            "user_pool_id": "us-east-1_7IaNSzeOH"
          },
          "sensitive_attributes": [],
          "identity_schema_version": 0,
          "private": "bnVsbA==",
          "dependencies": [
            "aws_cognito_user_pool.main"
          ]
        }
      ]
    },
    {
      "mode": "managed",
      "type": "aws_cognito_user_pool",
      "name": "main",
      "provider": "provider[\"registry.terraform.io/hashicorp/aws\"]",
      "instances": [
        {
          "schema_version": 0,
          "attributes": {
            "account_recovery_setting": [
              {
                "recovery_mechanism": [
                  {
                    "name": "verified_email",
                    "priority": 1
                  },
                  {
                    "name": "verified_phone_number",
                    "priority": 2
                  }
                ]
              }
            ],
            "admin_create_user_config": [
              {
                "allow_admin_create_user_only": false,
                "invite_message_template": []
              }
            ],
            "alias_attributes": null,
            "arn": "arn:aws:cognito-idp:us-east-1:533267325582:userpool/us-east-1_7IaNSzeOH",
            "auto_verified_attributes": [
              "email"
            ],
            "creation_date": "2026-02-28T07:16:27Z",
            "custom_domain": "",
            "deletion_protection": "INACTIVE",
            "device_configuration": [],
            "domain": "",
            "email_configuration": [
              {
                "configuration_set": "",
                "email_sending_account": "COGNITO_DEFAULT",
                "from_email_address": "",
                "reply_to_email_address": "",
                "source_arn": ""
              }
            ],
            "email_mfa_configuration": [],
            "email_verification_message": "",
            "email_verification_subject": "",
            "endpoint": "cognito-idp.us-east-1.amazonaws.com/us-east-1_7IaNSzeOH",
            "estimated_number_of_users": 0,
            "id": "us-east-1_7IaNSzeOH",
            "lambda_config": [],
            "last_modified_date": "2026-02-28T07:16:27Z",
            "mfa_configuration": "OFF",
            "name": "goblin-counter-dev-users",
            "password_policy": [
              {
                "minimum_length": 8,
                "password_history_size": 0,
                "require_lowercase": true,
                "require_numbers": true,
                "require_symbols": false,
                "require_uppercase": true,
                "temporary_password_validity_days": 7
              }
            ],
            "schema": [
              {
                "attribute_data_type": "String",
                "developer_only_attribute": null,
                "mutable": true,
                "name": "email",
                "number_attribute_constraints": [],
                "required": true,
                "string_attribute_constraints": [
                  {
                    "max_length": "256",
                    "min_length": "1"
                  }
                ]
              }
            ],
            "sign_in_policy": [
              {
                "allowed_first_auth_factors": [
                  "PASSWORD"
                ]
              }
            ],
            "sms_authentication_message": "",
            "sms_configuration": [],
            "sms_verification_message": "",
            "software_token_mfa_configuration": [],
            "tags": {
              "Environment": "dev",
              "ManagedBy": "terraform",
              "Project": "goblin-counter"
            },
            "tags_all": {
              "Environment": "dev",
              "ManagedBy": "terraform",
              "Project": "goblin-counter"
            },
            "user_attribute_update_settings": [],
            "user_pool_add_ons": [],
            "user_pool_tier": "ESSENTIALS",
            "username_attributes": [
              "email"
            ],
            "username_configuration": [],
            "verification_message_template": [
              {
                "default_email_option": "CONFIRM_WITH_CODE",
                "email_message": "",
                "email_message_by_link": "",
                "email_subject": "",
                "email_subject_by_link": "",
                "sms_message": ""
              }
            ],
            "web_authn_configuration": []
          },
          "sensitive_attributes": [],
          "identity_schema_version": 0,
          "private": "bnVsbA=="
        }
      ]
    },
    {
      "mode": "managed",
      "type": "aws_cognito_user_pool_client",
      "name": "web",
      "provider": "provider[\"registry.terraform.io/hashicorp/aws\"]",
      "instances": [
        {
          "schema_version": 0,
          "attributes": {
            "access_token_validity": 1,
            "allowed_oauth_flows": [],
            "allowed_oauth_flows_user_pool_client": false,
            "allowed_oauth_scopes": [],
            "analytics_configuration": [],
            "auth_session_validity": 3,
            "callback_urls": [],
            "client_secret": "",
            "default_redirect_uri": "",
            "enable_propagate_additional_user_context_data": false,
            "enable_token_revocation": true,
            "explicit_auth_flows": [
              "ALLOW_REFRESH_TOKEN_AUTH",
              "ALLOW_USER_PASSWORD_AUTH",
              "ALLOW_USER_SRP_AUTH"
            ],
            "generate_secret": null,
            "id": "28b9547jtk0889tmmo7ljfof4m",
            "id_token_validity": 1,
            "logout_urls": [],
            "name": "goblin-counter-web-client",
            "prevent_user_existence_errors": "ENABLED",
            "read_attributes": [],
            "refresh_token_rotation": [],
            "refresh_token_validity": 30,
            "supported_identity_providers": [],
            "token_validity_units": [
              {
                "access_token": "hours",
                "id_token": "hours",
                "refresh_token": "days"
              }
            ],
            "user_pool_id": "us-east-1_7IaNSzeOH",
            "write_attributes": []
          },
          "sensitive_attributes": [
            [
              {
                "type": "get_attr",
                "value": "client_secret"
              }
            ]
          ],
          "identity_schema_version": 0,
          "dependencies": [
            "aws_cognito_user_pool.main"
          ]
        }
      ]
    },
    {
      "mode": "managed",
      "type": "aws_iot_thing",
      "name": "camera_pi",
      "provider": "provider[\"registry.terraform.io/hashicorp/aws\"]",
      "instances": [
        {
          "schema_version": 0,
          "attributes": {
            "arn": "arn:aws:iot:us-east-1:533267325582:thing/goblin-counter-camera-pi-01",
            "attributes": null,
            "default_client_id": "goblin-counter-camera-pi-01",
            "id": "goblin-counter-camera-pi-01",
            "name": "goblin-counter-camera-pi-01",
            "thing_type_name": "",
            "version": 1
          },
          "sensitive_attributes": [],
          "identity_schema_version": 0,
          "private": "bnVsbA=="
        }
      ]
    },
    {
      "mode": "managed",
      "type": "aws_sns_topic",
      "name": "rekognition_alerts",
      "provider": "provider[\"registry.terraform.io/hashicorp/aws\"]",
      "instances": [
        {
          "schema_version": 0,
          "attributes": {
            "application_failure_feedback_role_arn": "",
            "application_success_feedback_role_arn": "",
            "application_success_feedback_sample_rate": 0,
            "archive_policy": "",
            "arn": "arn:aws:sns:us-east-1:533267325582:goblin-counter-dev-rekognition-alerts",
            "beginning_archive_time": "",
            "content_based_deduplication": false,
            "delivery_policy": "",
            "display_name": "",
            "fifo_throughput_scope": "",
            "fifo_topic": false,
            "firehose_failure_feedback_role_arn": "",
            "firehose_success_feedback_role_arn": "",
            "firehose_success_feedback_sample_rate": 0,
            "http_failure_feedback_role_arn": "",
            "http_success_feedback_role_arn": "",
            "http_success_feedback_sample_rate": 0,
            "id": "arn:aws:sns:us-east-1:533267325582:goblin-counter-dev-rekognition-alerts",
            "kms_master_key_id": "",
            "lambda_failure_feedback_role_arn": "",
            "lambda_success_feedback_role_arn": "",
            "lambda_success_feedback_sample_rate": 0,
            "name": "goblin-counter-dev-rekognition-alerts",
            "name_prefix": "",
            "owner": "533267325582",
            "policy": "{\"Id\":\"__default_policy_ID\",\"Statement\":[{\"Action\":[\"SNS:GetTopicAttributes\",\"SNS:SetTopicAttributes\",\"SNS:AddPermission\",\"SNS:RemovePermission\",\"SNS:DeleteTopic\",\"SNS:Subscribe\",\"SNS:ListSubscriptionsByTopic\",\"SNS:Publish\"],\"Condition\":{\"StringEquals\":{\"AWS:SourceOwner\":\"533267325582\"}},\"Effect\":\"Allow\",\"Principal\":{\"AWS\":\"*\"},\"Resource\":\"arn:aws:sns:us-east-1:533267325582:goblin-counter-dev-rekognition-alerts\",\"Sid\":\"__default_statement_ID\"}],\"Version\":\"2008-10-17\"}",
            "signature_version": 0,
            "sqs_failure_feedback_role_arn": "",
            "sqs_success_feedback_role_arn": "",
            "sqs_success_feedback_sample_rate": 0,
            "tags": {
              "Environment": "dev",
              "ManagedBy": "terraform",
              "Project": "goblin-counter"
            },
            "tags_all": {
              "Environment": "dev",
              "ManagedBy": "terraform",
              "Project": "goblin-counter"
            },
            "tracing_config": ""
          },
          "sensitive_attributes": [],
          "identity_schema_version": 0,
          "private": "bnVsbA=="
        }
      ]
    }
  ],
  "check_results": null
}
